
Microsoft Visual Studio Solution File, Format Version 12.00
# Visual Studio Version 17
VisualStudioVersion = 17.4.33205.214
MinimumVisualStudioVersion = 10.0.40219.1
Project("{9A19103F-16F7-4668-BE54-9A1E7A4F7556}") = "PupilsScore", "PupilsScore\PupilsScore.csproj", "{C412062A-4CA3-47A5-9E81-00C06FADF3B5}"
EndProject
Project("{9A19103F-16F7-4668-BE54-9A1E7A4F7556}") = "Point", "Point\Point.csproj", "{3D75AD8E-0934-49B2-B454-E84808611114}"
EndProject
Project("{9A19103F-16F7-4668-BE54-9A1E7A4F7556}") = "ArraysNew", "ArraysNew\ArraysNew.csproj", "{AD55E9E3-F4CF-4934-9A12-EE5CB00464C5}"
EndProject
Project("{9A19103F-16F7-4668-BE54-9A1E7A4F7556}") = "UniversityEmployee", "UniversityEmployee\UniversityEmployee.csproj", "{9B44FD2D-4D5A-4200-AAE3-E69C4C480457}"
EndProject
Project("{9A19103F-16F7-4668-BE54-9A1E7A4F7556}") = "UniversityUnitTest", "TestUniversity\UniversityUnitTest.csproj", "{F69AA35E-43CB-48FA-AEAA-9C49AEE5DEA5}"
EndProject
Global
	GlobalSection(SolutionConfigurationPlatforms) = preSolution
		Debug|Any CPU = Debug|Any CPU
		Release|Any CPU = Release|Any CPU
	EndGlobalSection
	GlobalSection(ProjectConfigurationPlatforms) = postSolution
		{C412062A-4CA3-47A5-9E81-00C06FADF3B5}.Debug|Any CPU.ActiveCfg = Debug|Any CPU
		{C412062A-4CA3-47A5-9E81-00C06FADF3B5}.Debug|Any CPU.Build.0 = Debug|Any CPU
		{C412062A-4CA3-47A5-9E81-00C06FADF3B5}.Release|Any CPU.ActiveCfg = Release|Any CPU
		{C412062A-4CA3-47A5-9E81-00C06FADF3B5}.Release|Any CPU.Build.0 = Release|Any CPU
		{3D75AD8E-0934-49B2-B454-E84808611114}.Debug|Any CPU.ActiveCfg = Debug|Any CPU
		{3D75AD8E-0934-49B2-B454-E84808611114}.Debug|Any CPU.Build.0 = Debug|Any CPU
		{3D75AD8E-0934-49B2-B454-E84808611114}.Release|Any CPU.ActiveCfg = Release|Any CPU
		{3D75AD8E-0934-49B2-B454-E84808611114}.Release|Any CPU.Build.0 = Release|Any CPU
		{AD55E9E3-F4CF-4934-9A12-EE5CB00464C5}.Debug|Any CPU.ActiveCfg = Debug|Any CPU
		{AD55E9E3-F4CF-4934-9A12-EE5CB00464C5}.Debug|Any CPU.Build.0 = Debug|Any CPU
		{AD55E9E3-F4CF-4934-9A12-EE5CB00464C5}.Release|Any CPU.ActiveCfg = Release|Any CPU
		{AD55E9E3-F4CF-4934-9A12-EE5CB00464C5}.Release|Any CPU.Build.0 = Release|Any CPU
		{9B44FD2D-4D5A-4200-AAE3-E69C4C480457}.Debug|Any CPU.ActiveCfg = Debug|Any CPU
		{9B44FD2D-4D5A-4200-AAE3-E69C4C480457}.Debug|Any CPU.Build.0 = Debug|Any CPU
		{9B44FD2D-4D5A-4200-AAE3-E69C4C480457}.Release|Any CPU.ActiveCfg = Release|Any CPU
		{9B44FD2D-4D5A-4200-AAE3-E69C4C480457}.Release|Any CPU.Build.0 = Release|Any CPU
		{F69AA35E-43CB-48FA-AEAA-9C49AEE5DEA5}.Debug|Any CPU.ActiveCfg = Debug|Any CPU
		{F69AA35E-43CB-48FA-AEAA-9C49AEE5DEA5}.Debug|Any CPU.Build.0 = Debug|Any CPU
		{F69AA35E-43CB-48FA-AEAA-9C49AEE5DEA5}.Release|Any CPU.ActiveCfg = Release|Any CPU
		{F69AA35E-43CB-48FA-AEAA-9C49AEE5DEA5}.Release|Any CPU.Build.0 = Release|Any CPU
	EndGlobalSection
	GlobalSection(SolutionProperties) = preSolution
		HideSolutionNode = FALSE
	EndGlobalSection
	GlobalSection(ExtensibilityGlobals) = postSolution
		SolutionGuid = {912E5164-2935-4CCB-8D86-184E1153F37A}
	EndGlobalSection
EndGlobal
